
Microsoft Visual Studio Solution File, Format Version 12.00
# Visual Studio 15
VisualStudioVersion = 15.0.28307.1082
MinimumVisualStudioVersion = 10.0.40219.1
Project("{9A19103F-16F7-4668-BE54-9A1E7A4F7556}") = "ContosoUniversity", "ContosoUniversity.csproj", "{B75BAA2D-0065-4322-BD4A-14FD481C87DF}"
EndProject
Global
	GlobalSection(SolutionConfigurationPlatforms) = preSolution
		Debug|Any CPU = Debug|Any CPU
		Release|Any CPU = Release|Any CPU
	EndGlobalSection
	GlobalSection(ProjectConfigurationPlatforms) = postSolution
		{B75BAA2D-0065-4322-BD4A-14FD481C87DF}.Debug|Any CPU.ActiveCfg = Debug|Any CPU
		{B75BAA2D-0065-4322-BD4A-14FD481C87DF}.Debug|Any CPU.Build.0 = Debug|Any CPU
		{B75BAA2D-0065-4322-BD4A-14FD481C87DF}.Release|Any CPU.ActiveCfg = Release|Any CPU
		{B75BAA2D-0065-4322-BD4A-14FD481C87DF}.Release|Any CPU.Build.0 = Release|Any CPU
	EndGlobalSection
	GlobalSection(SolutionProperties) = preSolution
		HideSolutionNode = FALSE
	EndGlobalSection
	GlobalSection(ExtensibilityGlobals) = postSolution
		SolutionGuid = {B9BC37B6-8FE1-41D5-95BE-FD43722BC5A8}
	EndGlobalSection
EndGlobal
